
Microsoft Visual Studio Solution File, Format Version 12.00
# Visual Studio 15
Project("{FAE04EC0-301F-11D3-BF4B-00C04F79EFBC}") = "Passcodes", "Passcodes.csproj", "{E5C3B815-A4F6-C31B-3436-54D830A1DD18}"
EndProject
Project("{FAE04EC0-301F-11D3-BF4B-00C04F79EFBC}") = "Passcodes.Editor", "Passcodes.Editor.csproj", "{EDE41A5E-7E46-7CF8-6EA2-2559417D0275}"
EndProject
Global
	GlobalSection(SolutionConfigurationPlatforms) = preSolution
		Debug|Any CPU = Debug|Any CPU
		Release|Any CPU = Release|Any CPU
	EndGlobalSection
	GlobalSection(ProjectConfigurationPlatforms) = postSolution
		{E5C3B815-A4F6-C31B-3436-54D830A1DD18}.Debug|Any CPU.ActiveCfg = Debug|Any CPU
		{E5C3B815-A4F6-C31B-3436-54D830A1DD18}.Debug|Any CPU.Build.0 = Debug|Any CPU
		{E5C3B815-A4F6-C31B-3436-54D830A1DD18}.Release|Any CPU.ActiveCfg = Release|Any CPU
		{E5C3B815-A4F6-C31B-3436-54D830A1DD18}.Release|Any CPU.Build.0 = Release|Any CPU
		{EDE41A5E-7E46-7CF8-6EA2-2559417D0275}.Debug|Any CPU.ActiveCfg = Debug|Any CPU
		{EDE41A5E-7E46-7CF8-6EA2-2559417D0275}.Debug|Any CPU.Build.0 = Debug|Any CPU
		{EDE41A5E-7E46-7CF8-6EA2-2559417D0275}.Release|Any CPU.ActiveCfg = Release|Any CPU
		{EDE41A5E-7E46-7CF8-6EA2-2559417D0275}.Release|Any CPU.Build.0 = Release|Any CPU
	EndGlobalSection
	GlobalSection(SolutionProperties) = preSolution
		HideSolutionNode = FALSE
	EndGlobalSection
EndGlobal
